<?xml version="1.0"?>
<CodeBlocks_project_file>
	<FileVersion major="1" minor="6" />
	<Project>
		<Option title="AssimpLoaderTest" />
		<Option makefile_is_custom="1" />
		<Option pch_mode="2" />
		<Option compiler="gcc" />
		<Option virtualFolders="addons/;src/;build config/;" />
		<Build>
			<Target title="Debug">
				<Option output="bin/$(PROJECT_NAME)_debug" prefix_auto="1" extension_auto="1" />
				<Option working_dir="bin" />
				<Option object_output="obj/Debug/" />
				<Option external_deps="../../../libs/openFrameworksCompiled/lib/linux64/libopenFrameworksDebug.a;" />
				<Option type="1" />
				<Option compiler="gcc" />
				<Option projectLinkerOptionsRelation="2" />
			</Target>
			<Target title="Release">
				<Option output="bin/$(PROJECT_NAME)" prefix_auto="1" extension_auto="1" />
				<Option working_dir="bin" />
				<Option object_output="obj/Release/" />
				<Option external_deps="../../../libs/openFrameworksCompiled/lib/linux64/libopenFrameworks.a;" />
				<Option type="1" />
				<Option compiler="gcc" />
				<Option projectLinkerOptionsRelation="2" />
			</Target>
		</Build>
		<Unit filename="config.make">
			<Option virtualFolder="build config" />
		</Unit>
		<Unit filename="src/main.cpp">
			<Option virtualFolder="src/" />
		</Unit>
		<Unit filename="src/ofApp.cpp">
			<Option virtualFolder="src/" />
		</Unit>
		<Unit filename="src/ofApp.h">
			<Option virtualFolder="src/" />
		</Unit>
		<Extensions>
			<code_completion />
			<envvars />
			<debugger />
		</Extensions>
		<Unit filename="../../../addons/ofxAssimpModelLoader/src/ofxAssimpUtils.h">
			<Option virtualFolder="addons/ofxAssimpModelLoader/src" />
		</Unit>
		<Unit filename="../../../addons/ofxAssimpModelLoader/src/ofxAssimpTexture.cpp">
			<Option virtualFolder="addons/ofxAssimpModelLoader/src" />
		</Unit>
		<Unit filename="../../../addons/ofxAssimpModelLoader/src/ofxAssimpMeshHelper.h">
			<Option virtualFolder="addons/ofxAssimpModelLoader/src" />
		</Unit>
		<Unit filename="../../../addons/ofxAssimpModelLoader/src/ofxAssimpAnimation.h">
			<Option virtualFolder="addons/ofxAssimpModelLoader/src" />
		</Unit>
		<Unit filename="../../../addons/ofxAssimpModelLoader/src/ofxAssimpModelLoader.cpp">
			<Option virtualFolder="addons/ofxAssimpModelLoader/src" />
		</Unit>
		<Unit filename="../../../addons/ofxAssimpModelLoader/src/ofxAssimpTexture.h">
			<Option virtualFolder="addons/ofxAssimpModelLoader/src" />
		</Unit>
		<Unit filename="../../../addons/ofxAssimpModelLoader/src/ofxAssimpMeshHelper.cpp">
			<Option virtualFolder="addons/ofxAssimpModelLoader/src" />
		</Unit>
		<Unit filename="../../../addons/ofxAssimpModelLoader/src/ofxAssimpModelLoader.h">
			<Option virtualFolder="addons/ofxAssimpModelLoader/src" />
		</Unit>
		<Unit filename="../../../addons/ofxAssimpModelLoader/src/ofxAssimpAnimation.cpp">
			<Option virtualFolder="addons/ofxAssimpModelLoader/src" />
		</Unit>
		<Unit filename="../../../addons/ofxAssimpModelLoader/libs/assimp/include/assimp/cfileio.h">
			<Option virtualFolder="addons/ofxAssimpModelLoader/libs/assimp/include/assimp" />
		</Unit>
		<Unit filename="../../../addons/ofxAssimpModelLoader/libs/assimp/include/assimp/scene.h">
			<Option virtualFolder="addons/ofxAssimpModelLoader/libs/assimp/include/assimp" />
		</Unit>
		<Unit filename="../../../addons/ofxAssimpModelLoader/libs/assimp/include/assimp/camera.h">
			<Option virtualFolder="addons/ofxAssimpModelLoader/libs/assimp/include/assimp" />
		</Unit>
		<Unit filename="../../../addons/ofxAssimpModelLoader/libs/assimp/include/assimp/Compiler/pstdint.h">
			<Option virtualFolder="addons/ofxAssimpModelLoader/libs/assimp/include/assimp/Compiler" />
		</Unit>
		<Unit filename="../../../addons/ofxAssimpModelLoader/libs/assimp/include/assimp/Compiler/pushpack1.h">
			<Option virtualFolder="addons/ofxAssimpModelLoader/libs/assimp/include/assimp/Compiler" />
		</Unit>
		<Unit filename="../../../addons/ofxAssimpModelLoader/libs/assimp/include/assimp/Compiler/poppack1.h">
			<Option virtualFolder="addons/ofxAssimpModelLoader/libs/assimp/include/assimp/Compiler" />
		</Unit>
		<Unit filename="../../../addons/ofxAssimpModelLoader/libs/assimp/include/assimp/matrix3x3.h">
			<Option virtualFolder="addons/ofxAssimpModelLoader/libs/assimp/include/assimp" />
		</Unit>
		<Unit filename="../../../addons/ofxAssimpModelLoader/libs/assimp/include/assimp/quaternion.h">
			<Option virtualFolder="addons/ofxAssimpModelLoader/libs/assimp/include/assimp" />
		</Unit>
		<Unit filename="../../../addons/ofxAssimpModelLoader/libs/assimp/include/assimp/light.h">
			<Option virtualFolder="addons/ofxAssimpModelLoader/libs/assimp/include/assimp" />
		</Unit>
		<Unit filename="../../../addons/ofxAssimpModelLoader/libs/assimp/include/assimp/Exporter.hpp">
			<Option virtualFolder="addons/ofxAssimpModelLoader/libs/assimp/include/assimp" />
		</Unit>
		<Unit filename="../../../addons/ofxAssimpModelLoader/libs/assimp/include/assimp/types.h">
			<Option virtualFolder="addons/ofxAssimpModelLoader/libs/assimp/include/assimp" />
		</Unit>
		<Unit filename="../../../addons/ofxAssimpModelLoader/libs/assimp/include/assimp/ai_assert.h">
			<Option virtualFolder="addons/ofxAssimpModelLoader/libs/assimp/include/assimp" />
		</Unit>
		<Unit filename="../../../addons/ofxAssimpModelLoader/libs/assimp/include/assimp/DefaultLogger.hpp">
			<Option virtualFolder="addons/ofxAssimpModelLoader/libs/assimp/include/assimp" />
		</Unit>
		<Unit filename="../../../addons/ofxAssimpModelLoader/libs/assimp/include/assimp/config.h">
			<Option virtualFolder="addons/ofxAssimpModelLoader/libs/assimp/include/assimp" />
		</Unit>
		<Unit filename="../../../addons/ofxAssimpModelLoader/libs/assimp/include/assimp/texture.h">
			<Option virtualFolder="addons/ofxAssimpModelLoader/libs/assimp/include/assimp" />
		</Unit>
		<Unit filename="../../../addons/ofxAssimpModelLoader/libs/assimp/include/assimp/postprocess.h">
			<Option virtualFolder="addons/ofxAssimpModelLoader/libs/assimp/include/assimp" />
		</Unit>
		<Unit filename="../../../addons/ofxAssimpModelLoader/libs/assimp/include/assimp/cexport.h">
			<Option virtualFolder="addons/ofxAssimpModelLoader/libs/assimp/include/assimp" />
		</Unit>
		<Unit filename="../../../addons/ofxAssimpModelLoader/libs/assimp/include/assimp/importerdesc.h">
			<Option virtualFolder="addons/ofxAssimpModelLoader/libs/assimp/include/assimp" />
		</Unit>
		<Unit filename="../../../addons/ofxAssimpModelLoader/libs/assimp/include/assimp/IOSystem.hpp">
			<Option virtualFolder="addons/ofxAssimpModelLoader/libs/assimp/include/assimp" />
		</Unit>
		<Unit filename="../../../addons/ofxAssimpModelLoader/libs/assimp/include/assimp/vector2.h">
			<Option virtualFolder="addons/ofxAssimpModelLoader/libs/assimp/include/assimp" />
		</Unit>
		<Unit filename="../../../addons/ofxAssimpModelLoader/libs/assimp/include/assimp/cimport.h">
			<Option virtualFolder="addons/ofxAssimpModelLoader/libs/assimp/include/assimp" />
		</Unit>
		<Unit filename="../../../addons/ofxAssimpModelLoader/libs/assimp/include/assimp/Importer.hpp">
			<Option virtualFolder="addons/ofxAssimpModelLoader/libs/assimp/include/assimp" />
		</Unit>
		<Unit filename="../../../addons/ofxAssimpModelLoader/libs/assimp/include/assimp/LogStream.hpp">
			<Option virtualFolder="addons/ofxAssimpModelLoader/libs/assimp/include/assimp" />
		</Unit>
		<Unit filename="../../../addons/ofxAssimpModelLoader/libs/assimp/include/assimp/NullLogger.hpp">
			<Option virtualFolder="addons/ofxAssimpModelLoader/libs/assimp/include/assimp" />
		</Unit>
		<Unit filename="../../../addons/ofxAssimpModelLoader/libs/assimp/include/assimp/matrix4x4.h">
			<Option virtualFolder="addons/ofxAssimpModelLoader/libs/assimp/include/assimp" />
		</Unit>
		<Unit filename="../../../addons/ofxAssimpModelLoader/libs/assimp/include/assimp/vector3.h">
			<Option virtualFolder="addons/ofxAssimpModelLoader/libs/assimp/include/assimp" />
		</Unit>
		<Unit filename="../../../addons/ofxAssimpModelLoader/libs/assimp/include/assimp/material.h">
			<Option virtualFolder="addons/ofxAssimpModelLoader/libs/assimp/include/assimp" />
		</Unit>
		<Unit filename="../../../addons/ofxAssimpModelLoader/libs/assimp/include/assimp/defs.h">
			<Option virtualFolder="addons/ofxAssimpModelLoader/libs/assimp/include/assimp" />
		</Unit>
		<Unit filename="../../../addons/ofxAssimpModelLoader/libs/assimp/include/assimp/color4.h">
			<Option virtualFolder="addons/ofxAssimpModelLoader/libs/assimp/include/assimp" />
		</Unit>
		<Unit filename="../../../addons/ofxAssimpModelLoader/libs/assimp/include/assimp/mesh.h">
			<Option virtualFolder="addons/ofxAssimpModelLoader/libs/assimp/include/assimp" />
		</Unit>
		<Unit filename="../../../addons/ofxAssimpModelLoader/libs/assimp/include/assimp/ProgressHandler.hpp">
			<Option virtualFolder="addons/ofxAssimpModelLoader/libs/assimp/include/assimp" />
		</Unit>
		<Unit filename="../../../addons/ofxAssimpModelLoader/libs/assimp/include/assimp/version.h">
			<Option virtualFolder="addons/ofxAssimpModelLoader/libs/assimp/include/assimp" />
		</Unit>
		<Unit filename="../../../addons/ofxAssimpModelLoader/libs/assimp/include/assimp/metadata.h">
			<Option virtualFolder="addons/ofxAssimpModelLoader/libs/assimp/include/assimp" />
		</Unit>
		<Unit filename="../../../addons/ofxAssimpModelLoader/libs/assimp/include/assimp/IOStream.hpp">
			<Option virtualFolder="addons/ofxAssimpModelLoader/libs/assimp/include/assimp" />
		</Unit>
		<Unit filename="../../../addons/ofxAssimpModelLoader/libs/assimp/include/assimp/anim.h">
			<Option virtualFolder="addons/ofxAssimpModelLoader/libs/assimp/include/assimp" />
		</Unit>
		<Unit filename="../../../addons/ofxAssimpModelLoader/libs/assimp/include/assimp/Logger.hpp">
			<Option virtualFolder="addons/ofxAssimpModelLoader/libs/assimp/include/assimp" />
		</Unit>
	</Project>
</CodeBlocks_project_file>
